app/Main.hs	bd34c920a99d4ed0ca334de3920252713de9fac2389addb25c7b1d33acd45dfe
miniproof.cabal	fdcf79bfbad465b2cbc173cd3bb8307b5d9db3fc0347ddd65421f727dd455d1e
src/Prover/Check.hs	06cc7a21571f856db116e390f73669b890e75274592cd0cd2ea286bc9fd31530
src/Prover/Env.hs	4c53957414fb1dd5db9a94dc5c5fbe6a7f4d6205558114db3814c4609a3413d1
src/Prover/Eval.hs	623cac63d5f8f194683a11eca5355e5a31aa2ea3d2dc443be88f20ab05ae7c7e
src/Prover/Parser.hs	3d1a088821063b3ba7db4d92f0ba7d7469899b3b80497c696da83ee969da6623
src/Prover/Pretty.hs	348eca43f47ffe381fcca978a959d5fe725ec1f4be328ca5ef13e66e8bf9d22f
src/Prover/Syntax.hs	2092762b145620305e537ca63b8c0d717253e1a4dc6645ecee8885ef43146da3
