app/Main.hs	bd34c920a99d4ed0ca334de3920252713de9fac2389addb25c7b1d33acd45dfe
miniproof.cabal	fdcf79bfbad465b2cbc173cd3bb8307b5d9db3fc0347ddd65421f727dd455d1e
src/Prover/Check.hs	02eead38aecefd5414427dcc375497413ffa0fab5d9922349b48722c21c6a419
src/Prover/Env.hs	c2049e90b563d9a223588842f2162595c3f48aa968fcfe3099573fd8991564fc
src/Prover/Eval.hs	527930c3e7d22c6743c289b45ca39f5e70a6ef122429e8b411aacbb3a2b3a33c
src/Prover/Parser.hs	705f6254b7699dc61b142c180f4fa401406727d726d74abcd16a931502038049
src/Prover/Pretty.hs	0fd206ed75b9acfbf579c81ada4e70736d9cffd3ebfef07f2081ffaf4edd4fac
src/Prover/Syntax.hs	a3551bd754af061073a541089a0a2baeeae9dd2be5cc0c4a5e5e5b172752afea
test/Main.hs	f01c59887702b7aa1443163e3478a1baee7cae678de293615bd5637d19352497
test/Test/Check.hs	0086c8445139c9d3fbd9def98309b39cbf82a33d9d3925d34b739e62fa0af499
test/Test/Eval.hs	1652817b1f8b5986348ea5551a415a03e096bd0e433e62813631ca742e21ec9d
test/Test/Parser.hs	f2c045ff516580962b3b240a15351f646198a0903030c75f5b65a2f5e1c06594
test/fixtures/basics.pf	619538a3f9eaa5f694e9677ce0547a5f6f4847cba17c42df788a12df88746ce1
